
Microsoft Visual Studio Solution File, Format Version 12.00
# Visual Studio 15
VisualStudioVersion = 15.0.28010.2041
MinimumVisualStudioVersion = 10.0.40219.1
Project("{FAE04EC0-301F-11D3-BF4B-00C04F79EFBC}") = "HeznekLaatid", "HeznekLaatid\HeznekLaatid.csproj", "{80AD9FCE-E60E-47FF-B92D-8FB71E90BEA9}"
EndProject
Global
	GlobalSection(SolutionConfigurationPlatforms) = preSolution
		Debug|Any CPU = Debug|Any CPU
		Release|Any CPU = Release|Any CPU
	EndGlobalSection
	GlobalSection(ProjectConfigurationPlatforms) = postSolution
		{80AD9FCE-E60E-47FF-B92D-8FB71E90BEA9}.Debug|Any CPU.ActiveCfg = Debug|Any CPU
		{80AD9FCE-E60E-47FF-B92D-8FB71E90BEA9}.Debug|Any CPU.Build.0 = Debug|Any CPU
		{80AD9FCE-E60E-47FF-B92D-8FB71E90BEA9}.Release|Any CPU.ActiveCfg = Release|Any CPU
		{80AD9FCE-E60E-47FF-B92D-8FB71E90BEA9}.Release|Any CPU.Build.0 = Release|Any CPU
	EndGlobalSection
	GlobalSection(SolutionProperties) = preSolution
		HideSolutionNode = FALSE
	EndGlobalSection
	GlobalSection(ExtensibilityGlobals) = postSolution
		SolutionGuid = {16227E5A-7A11-43FD-B15C-82F48A23AB9D}
	EndGlobalSection
EndGlobal
